{
  "version": 4,
  "terraform_version": "1.12.2",
  "serial": 14,
  "lineage": "e15414fa-9c5b-b08b-f2ed-467095949fe6",
  "outputs": {
    "ips": {
      "value": {
        "es1": "192.168.122.71",
        "es2": "192.168.122.72",
        "es3": "192.168.122.73",
        "kibana": "192.168.122.60"
      },
      "type": [
        "object",
        {
          "es1": "string",
          "es2": "string",
          "es3": "string",
          "kibana": "string"
        }
      ]
    }
  },
  "resources": [
    {
      "mode": "data",
      "type": "template_file",
      "name": "user_data",
      "provider": "provider[\"registry.terraform.io/hashicorp/template\"]",
      "instances": [
        {
          "schema_version": 0,
          "attributes": {
            "filename": null,
            "id": "dce19da6db8c36da6fa6686fdd789108b4cf63a1429c49dd4ab44490237a2f1a",
            "rendered": "#cloud-config\nusers:\n  - name: ubuntu\n    sudo: ALL=(ALL) NOPASSWD:ALL\n    shell: /bin/bash\n    lock_passwd: false\n    ssh_authorized_keys:\n      - ssh-rsa AAAAB3NzaC1yc2EAAAADAQABAAACAQCxJR69Hu6THP/OH0tIaHEMURwMCMj8oGF8NGNvF1T2la/8NBFMoX74XJztMlS7RTvoTxpfn/qlK91sCKN3ci9TJ8qfgH6e0jj4fA23+hkC1Re3o9wMUHmMpUfHrzlNDsAqBOemNKBRAKQfoR2DLzzKWNfacJ+j6S0Bkd3xsqhfKlNxERSbTmk8oQ8z0MhbQtkwFS/wQwoB9mrQwE6vqNNGK0G6a3oIhlEG5drMwnmeRQaCqdWY0X7/fL4LSZUNQ6FwBYs2r1ixRxCZgw240jQFweoLuH0swlFF9gsJv0CSzRrOUZitmg6quJuzeQpFgSu8QWQxZBXqcD338fSgFuY7zeTWKWuKpVpe90qQifgPTUyj81rlnm6klhSltsyrufry3UWmlKG/Jyi93GnGY2VAI0Ht11KMLtCWuJoCysk3wOontHT+w+Duzre3u2DCG+oLn/rnLgFiPBq6YPjYFyh4mJbxHfQI2jiP4aCNn23XHC+Svb4oRTcgFR9wvrCSDrYZ4MG9Ogu+C4Fy4gLml3gxeFGYwLHoAh6DJcXjwpoVdwndpqZhlou8ZhRecGnRfQfdfz9wL8p1q8u48xzqp4998AnH5wsXqsDtQGtX4icygUHpgdbuJXZDvm+sES5OyAEm953NT2ABxI5f4174SvYCfoJqem0aKHmiKM9Sobcb+w== sk@skhome01\n\nssh_pwauth: false\ndisable_root: true\n",
            "template": "#cloud-config\nusers:\n  - name: ubuntu\n    sudo: ALL=(ALL) NOPASSWD:ALL\n    shell: /bin/bash\n    lock_passwd: false\n    ssh_authorized_keys:\n      - ${ssh_key}\nssh_pwauth: false\ndisable_root: true\n",
            "vars": {
              "ssh_key": "ssh-rsa AAAAB3NzaC1yc2EAAAADAQABAAACAQCxJR69Hu6THP/OH0tIaHEMURwMCMj8oGF8NGNvF1T2la/8NBFMoX74XJztMlS7RTvoTxpfn/qlK91sCKN3ci9TJ8qfgH6e0jj4fA23+hkC1Re3o9wMUHmMpUfHrzlNDsAqBOemNKBRAKQfoR2DLzzKWNfacJ+j6S0Bkd3xsqhfKlNxERSbTmk8oQ8z0MhbQtkwFS/wQwoB9mrQwE6vqNNGK0G6a3oIhlEG5drMwnmeRQaCqdWY0X7/fL4LSZUNQ6FwBYs2r1ixRxCZgw240jQFweoLuH0swlFF9gsJv0CSzRrOUZitmg6quJuzeQpFgSu8QWQxZBXqcD338fSgFuY7zeTWKWuKpVpe90qQifgPTUyj81rlnm6klhSltsyrufry3UWmlKG/Jyi93GnGY2VAI0Ht11KMLtCWuJoCysk3wOontHT+w+Duzre3u2DCG+oLn/rnLgFiPBq6YPjYFyh4mJbxHfQI2jiP4aCNn23XHC+Svb4oRTcgFR9wvrCSDrYZ4MG9Ogu+C4Fy4gLml3gxeFGYwLHoAh6DJcXjwpoVdwndpqZhlou8ZhRecGnRfQfdfz9wL8p1q8u48xzqp4998AnH5wsXqsDtQGtX4icygUHpgdbuJXZDvm+sES5OyAEm953NT2ABxI5f4174SvYCfoJqem0aKHmiKM9Sobcb+w== sk@skhome01\n"
            }
          },
          "sensitive_attributes": [],
          "identity_schema_version": 0
        }
      ]
    },
    {
      "mode": "managed",
      "type": "libvirt_cloudinit_disk",
      "name": "init",
      "provider": "provider[\"registry.terraform.io/dmacvicar/libvirt\"]",
      "instances": [
        {
          "index_key": "es1",
          "schema_version": 0,
          "attributes": {
            "id": "/var/lib/libvirt/images/es1-cloudinit.iso;de47c42f-5794-441d-9952-293683bb838d",
            "meta_data": "",
            "name": "es1-cloudinit.iso",
            "network_config": "",
            "pool": "default",
            "user_data": "#cloud-config\nusers:\n  - name: ubuntu\n    sudo: ALL=(ALL) NOPASSWD:ALL\n    shell: /bin/bash\n    lock_passwd: false\n    ssh_authorized_keys:\n      - ssh-rsa AAAAB3NzaC1yc2EAAAADAQABAAACAQCxJR69Hu6THP/OH0tIaHEMURwMCMj8oGF8NGNvF1T2la/8NBFMoX74XJztMlS7RTvoTxpfn/qlK91sCKN3ci9TJ8qfgH6e0jj4fA23+hkC1Re3o9wMUHmMpUfHrzlNDsAqBOemNKBRAKQfoR2DLzzKWNfacJ+j6S0Bkd3xsqhfKlNxERSbTmk8oQ8z0MhbQtkwFS/wQwoB9mrQwE6vqNNGK0G6a3oIhlEG5drMwnmeRQaCqdWY0X7/fL4LSZUNQ6FwBYs2r1ixRxCZgw240jQFweoLuH0swlFF9gsJv0CSzRrOUZitmg6quJuzeQpFgSu8QWQxZBXqcD338fSgFuY7zeTWKWuKpVpe90qQifgPTUyj81rlnm6klhSltsyrufry3UWmlKG/Jyi93GnGY2VAI0Ht11KMLtCWuJoCysk3wOontHT+w+Duzre3u2DCG+oLn/rnLgFiPBq6YPjYFyh4mJbxHfQI2jiP4aCNn23XHC+Svb4oRTcgFR9wvrCSDrYZ4MG9Ogu+C4Fy4gLml3gxeFGYwLHoAh6DJcXjwpoVdwndpqZhlou8ZhRecGnRfQfdfz9wL8p1q8u48xzqp4998AnH5wsXqsDtQGtX4icygUHpgdbuJXZDvm+sES5OyAEm953NT2ABxI5f4174SvYCfoJqem0aKHmiKM9Sobcb+w== sk@skhome01\n\nssh_pwauth: false\ndisable_root: true\n"
          },
          "sensitive_attributes": [],
          "identity_schema_version": 0,
          "private": "bnVsbA==",
          "dependencies": [
            "data.template_file.user_data"
          ]
        },
        {
          "index_key": "es2",
          "schema_version": 0,
          "attributes": {
            "id": "/var/lib/libvirt/images/es2-cloudinit.iso;941c69bc-5ba8-4b59-b954-15e41732a128",
            "meta_data": "",
            "name": "es2-cloudinit.iso",
            "network_config": "",
            "pool": "default",
            "user_data": "#cloud-config\nusers:\n  - name: ubuntu\n    sudo: ALL=(ALL) NOPASSWD:ALL\n    shell: /bin/bash\n    lock_passwd: false\n    ssh_authorized_keys:\n      - ssh-rsa AAAAB3NzaC1yc2EAAAADAQABAAACAQCxJR69Hu6THP/OH0tIaHEMURwMCMj8oGF8NGNvF1T2la/8NBFMoX74XJztMlS7RTvoTxpfn/qlK91sCKN3ci9TJ8qfgH6e0jj4fA23+hkC1Re3o9wMUHmMpUfHrzlNDsAqBOemNKBRAKQfoR2DLzzKWNfacJ+j6S0Bkd3xsqhfKlNxERSbTmk8oQ8z0MhbQtkwFS/wQwoB9mrQwE6vqNNGK0G6a3oIhlEG5drMwnmeRQaCqdWY0X7/fL4LSZUNQ6FwBYs2r1ixRxCZgw240jQFweoLuH0swlFF9gsJv0CSzRrOUZitmg6quJuzeQpFgSu8QWQxZBXqcD338fSgFuY7zeTWKWuKpVpe90qQifgPTUyj81rlnm6klhSltsyrufry3UWmlKG/Jyi93GnGY2VAI0Ht11KMLtCWuJoCysk3wOontHT+w+Duzre3u2DCG+oLn/rnLgFiPBq6YPjYFyh4mJbxHfQI2jiP4aCNn23XHC+Svb4oRTcgFR9wvrCSDrYZ4MG9Ogu+C4Fy4gLml3gxeFGYwLHoAh6DJcXjwpoVdwndpqZhlou8ZhRecGnRfQfdfz9wL8p1q8u48xzqp4998AnH5wsXqsDtQGtX4icygUHpgdbuJXZDvm+sES5OyAEm953NT2ABxI5f4174SvYCfoJqem0aKHmiKM9Sobcb+w== sk@skhome01\n\nssh_pwauth: false\ndisable_root: true\n"
          },
          "sensitive_attributes": [],
          "identity_schema_version": 0,
          "private": "bnVsbA==",
          "dependencies": [
            "data.template_file.user_data"
          ]
        },
        {
          "index_key": "es3",
          "schema_version": 0,
          "attributes": {
            "id": "/var/lib/libvirt/images/es3-cloudinit.iso;6f85dde0-1c7b-4570-9719-7f41571ef4ce",
            "meta_data": "",
            "name": "es3-cloudinit.iso",
            "network_config": "",
            "pool": "default",
            "user_data": "#cloud-config\nusers:\n  - name: ubuntu\n    sudo: ALL=(ALL) NOPASSWD:ALL\n    shell: /bin/bash\n    lock_passwd: false\n    ssh_authorized_keys:\n      - ssh-rsa AAAAB3NzaC1yc2EAAAADAQABAAACAQCxJR69Hu6THP/OH0tIaHEMURwMCMj8oGF8NGNvF1T2la/8NBFMoX74XJztMlS7RTvoTxpfn/qlK91sCKN3ci9TJ8qfgH6e0jj4fA23+hkC1Re3o9wMUHmMpUfHrzlNDsAqBOemNKBRAKQfoR2DLzzKWNfacJ+j6S0Bkd3xsqhfKlNxERSbTmk8oQ8z0MhbQtkwFS/wQwoB9mrQwE6vqNNGK0G6a3oIhlEG5drMwnmeRQaCqdWY0X7/fL4LSZUNQ6FwBYs2r1ixRxCZgw240jQFweoLuH0swlFF9gsJv0CSzRrOUZitmg6quJuzeQpFgSu8QWQxZBXqcD338fSgFuY7zeTWKWuKpVpe90qQifgPTUyj81rlnm6klhSltsyrufry3UWmlKG/Jyi93GnGY2VAI0Ht11KMLtCWuJoCysk3wOontHT+w+Duzre3u2DCG+oLn/rnLgFiPBq6YPjYFyh4mJbxHfQI2jiP4aCNn23XHC+Svb4oRTcgFR9wvrCSDrYZ4MG9Ogu+C4Fy4gLml3gxeFGYwLHoAh6DJcXjwpoVdwndpqZhlou8ZhRecGnRfQfdfz9wL8p1q8u48xzqp4998AnH5wsXqsDtQGtX4icygUHpgdbuJXZDvm+sES5OyAEm953NT2ABxI5f4174SvYCfoJqem0aKHmiKM9Sobcb+w== sk@skhome01\n\nssh_pwauth: false\ndisable_root: true\n"
          },
          "sensitive_attributes": [],
          "identity_schema_version": 0,
          "private": "bnVsbA==",
          "dependencies": [
            "data.template_file.user_data"
          ]
        },
        {
          "index_key": "kibana",
          "schema_version": 0,
          "attributes": {
            "id": "/var/lib/libvirt/images/kibana-cloudinit.iso;17d0da90-58ee-4bdb-8473-bc2a8aeab399",
            "meta_data": "",
            "name": "kibana-cloudinit.iso",
            "network_config": "",
            "pool": "default",
            "user_data": "#cloud-config\nusers:\n  - name: ubuntu\n    sudo: ALL=(ALL) NOPASSWD:ALL\n    shell: /bin/bash\n    lock_passwd: false\n    ssh_authorized_keys:\n      - ssh-rsa AAAAB3NzaC1yc2EAAAADAQABAAACAQCxJR69Hu6THP/OH0tIaHEMURwMCMj8oGF8NGNvF1T2la/8NBFMoX74XJztMlS7RTvoTxpfn/qlK91sCKN3ci9TJ8qfgH6e0jj4fA23+hkC1Re3o9wMUHmMpUfHrzlNDsAqBOemNKBRAKQfoR2DLzzKWNfacJ+j6S0Bkd3xsqhfKlNxERSbTmk8oQ8z0MhbQtkwFS/wQwoB9mrQwE6vqNNGK0G6a3oIhlEG5drMwnmeRQaCqdWY0X7/fL4LSZUNQ6FwBYs2r1ixRxCZgw240jQFweoLuH0swlFF9gsJv0CSzRrOUZitmg6quJuzeQpFgSu8QWQxZBXqcD338fSgFuY7zeTWKWuKpVpe90qQifgPTUyj81rlnm6klhSltsyrufry3UWmlKG/Jyi93GnGY2VAI0Ht11KMLtCWuJoCysk3wOontHT+w+Duzre3u2DCG+oLn/rnLgFiPBq6YPjYFyh4mJbxHfQI2jiP4aCNn23XHC+Svb4oRTcgFR9wvrCSDrYZ4MG9Ogu+C4Fy4gLml3gxeFGYwLHoAh6DJcXjwpoVdwndpqZhlou8ZhRecGnRfQfdfz9wL8p1q8u48xzqp4998AnH5wsXqsDtQGtX4icygUHpgdbuJXZDvm+sES5OyAEm953NT2ABxI5f4174SvYCfoJqem0aKHmiKM9Sobcb+w== sk@skhome01\n\nssh_pwauth: false\ndisable_root: true\n"
          },
          "sensitive_attributes": [],
          "identity_schema_version": 0,
          "private": "bnVsbA==",
          "dependencies": [
            "data.template_file.user_data"
          ]
        }
      ]
    },
    {
      "mode": "managed",
      "type": "libvirt_domain",
      "name": "vm",
      "provider": "provider[\"registry.terraform.io/dmacvicar/libvirt\"]",
      "instances": [
        {
          "index_key": "es1",
          "schema_version": 0,
          "attributes": {
            "arch": "x86_64",
            "autostart": false,
            "boot_device": [],
            "cloudinit": "/var/lib/libvirt/images/es1-cloudinit.iso;de47c42f-5794-441d-9952-293683bb838d",
            "cmdline": null,
            "console": [
              {
                "source_host": "127.0.0.1",
                "source_path": "",
                "source_service": "0",
                "target_port": "0",
                "target_type": "serial",
                "type": "pty"
              }
            ],
            "coreos_ignition": null,
            "cpu": [
              {
                "mode": "custom"
              }
            ],
            "description": "",
            "disk": [
              {
                "block_device": "",
                "file": "",
                "scsi": false,
                "url": "",
                "volume_id": "/var/lib/libvirt/images/es1-disk.qcow2",
                "wwn": ""
              }
            ],
            "emulator": "/usr/bin/qemu-system-x86_64",
            "filesystem": [],
            "firmware": null,
            "fw_cfg_name": "opt/com.coreos/config",
            "graphics": [],
            "id": "ce0d8c64-d639-4398-8eaa-96c7dab5bd68",
            "initrd": "",
            "kernel": "",
            "machine": "ubuntu",
            "memory": 2048,
            "metadata": null,
            "name": "es-node1",
            "network_interface": [
              {
                "addresses": [],
                "bridge": "",
                "hostname": "",
                "mac": "52:54:00:5E:22:13",
                "macvtap": "",
                "network_id": "82ba3f27-d93c-454a-b165-014ff587cadc",
                "network_name": "default",
                "passthrough": "",
                "vepa": "",
                "wait_for_lease": false
              }
            ],
            "nvram": [],
            "qemu_agent": false,
            "running": true,
            "timeouts": null,
            "tpm": [],
            "vcpu": 2,
            "video": [],
            "xml": []
          },
          "sensitive_attributes": [],
          "identity_schema_version": 0,
          "private": "eyJlMmJmYjczMC1lY2FhLTExZTYtOGY4OC0zNDM2M2JjN2M0YzAiOnsiY3JlYXRlIjozMDAwMDAwMDAwMDB9fQ==",
          "dependencies": [
            "data.template_file.user_data",
            "libvirt_cloudinit_disk.init",
            "libvirt_volume.disk",
            "libvirt_volume.ubuntu_image"
          ]
        },
        {
          "index_key": "es2",
          "schema_version": 0,
          "attributes": {
            "arch": "x86_64",
            "autostart": false,
            "boot_device": [],
            "cloudinit": "/var/lib/libvirt/images/es2-cloudinit.iso;941c69bc-5ba8-4b59-b954-15e41732a128",
            "cmdline": null,
            "console": [
              {
                "source_host": "127.0.0.1",
                "source_path": "",
                "source_service": "0",
                "target_port": "0",
                "target_type": "serial",
                "type": "pty"
              }
            ],
            "coreos_ignition": null,
            "cpu": [
              {
                "mode": "custom"
              }
            ],
            "description": "",
            "disk": [
              {
                "block_device": "",
                "file": "",
                "scsi": false,
                "url": "",
                "volume_id": "/var/lib/libvirt/images/es2-disk.qcow2",
                "wwn": ""
              }
            ],
            "emulator": "/usr/bin/qemu-system-x86_64",
            "filesystem": [],
            "firmware": null,
            "fw_cfg_name": "opt/com.coreos/config",
            "graphics": [],
            "id": "f32ae330-0863-430a-bc5a-d0a9a3a76cfc",
            "initrd": "",
            "kernel": "",
            "machine": "ubuntu",
            "memory": 2048,
            "metadata": null,
            "name": "es-node2",
            "network_interface": [
              {
                "addresses": [],
                "bridge": "",
                "hostname": "",
                "mac": "52:54:00:7E:2B:D0",
                "macvtap": "",
                "network_id": "82ba3f27-d93c-454a-b165-014ff587cadc",
                "network_name": "default",
                "passthrough": "",
                "vepa": "",
                "wait_for_lease": false
              }
            ],
            "nvram": [],
            "qemu_agent": false,
            "running": true,
            "timeouts": null,
            "tpm": [],
            "vcpu": 2,
            "video": [],
            "xml": []
          },
          "sensitive_attributes": [],
          "identity_schema_version": 0,
          "private": "eyJlMmJmYjczMC1lY2FhLTExZTYtOGY4OC0zNDM2M2JjN2M0YzAiOnsiY3JlYXRlIjozMDAwMDAwMDAwMDB9fQ==",
          "dependencies": [
            "data.template_file.user_data",
            "libvirt_cloudinit_disk.init",
            "libvirt_volume.disk",
            "libvirt_volume.ubuntu_image"
          ]
        },
        {
          "index_key": "es3",
          "schema_version": 0,
          "attributes": {
            "arch": "x86_64",
            "autostart": false,
            "boot_device": [],
            "cloudinit": "/var/lib/libvirt/images/es3-cloudinit.iso;6f85dde0-1c7b-4570-9719-7f41571ef4ce",
            "cmdline": null,
            "console": [
              {
                "source_host": "127.0.0.1",
                "source_path": "",
                "source_service": "0",
                "target_port": "0",
                "target_type": "serial",
                "type": "pty"
              }
            ],
            "coreos_ignition": null,
            "cpu": [
              {
                "mode": "custom"
              }
            ],
            "description": "",
            "disk": [
              {
                "block_device": "",
                "file": "",
                "scsi": false,
                "url": "",
                "volume_id": "/var/lib/libvirt/images/es3-disk.qcow2",
                "wwn": ""
              }
            ],
            "emulator": "/usr/bin/qemu-system-x86_64",
            "filesystem": [],
            "firmware": null,
            "fw_cfg_name": "opt/com.coreos/config",
            "graphics": [],
            "id": "4ea91f77-3b1d-478c-bc35-bb14d92c9b16",
            "initrd": "",
            "kernel": "",
            "machine": "ubuntu",
            "memory": 2048,
            "metadata": null,
            "name": "es-node3",
            "network_interface": [
              {
                "addresses": [],
                "bridge": "",
                "hostname": "",
                "mac": "52:54:00:EE:8E:EE",
                "macvtap": "",
                "network_id": "82ba3f27-d93c-454a-b165-014ff587cadc",
                "network_name": "default",
                "passthrough": "",
                "vepa": "",
                "wait_for_lease": false
              }
            ],
            "nvram": [],
            "qemu_agent": false,
            "running": true,
            "timeouts": null,
            "tpm": [],
            "vcpu": 2,
            "video": [],
            "xml": []
          },
          "sensitive_attributes": [],
          "identity_schema_version": 0,
          "private": "eyJlMmJmYjczMC1lY2FhLTExZTYtOGY4OC0zNDM2M2JjN2M0YzAiOnsiY3JlYXRlIjozMDAwMDAwMDAwMDB9fQ==",
          "dependencies": [
            "data.template_file.user_data",
            "libvirt_cloudinit_disk.init",
            "libvirt_volume.disk",
            "libvirt_volume.ubuntu_image"
          ]
        },
        {
          "index_key": "kibana",
          "schema_version": 0,
          "attributes": {
            "arch": "x86_64",
            "autostart": false,
            "boot_device": [],
            "cloudinit": "/var/lib/libvirt/images/kibana-cloudinit.iso;17d0da90-58ee-4bdb-8473-bc2a8aeab399",
            "cmdline": null,
            "console": [
              {
                "source_host": "127.0.0.1",
                "source_path": "",
                "source_service": "0",
                "target_port": "0",
                "target_type": "serial",
                "type": "pty"
              }
            ],
            "coreos_ignition": null,
            "cpu": [
              {
                "mode": "custom"
              }
            ],
            "description": "",
            "disk": [
              {
                "block_device": "",
                "file": "",
                "scsi": false,
                "url": "",
                "volume_id": "/var/lib/libvirt/images/kibana-disk.qcow2",
                "wwn": ""
              }
            ],
            "emulator": "/usr/bin/qemu-system-x86_64",
            "filesystem": [],
            "firmware": null,
            "fw_cfg_name": "opt/com.coreos/config",
            "graphics": [],
            "id": "1d80c824-2af2-4512-b05f-9f468eb23f7a",
            "initrd": "",
            "kernel": "",
            "machine": "ubuntu",
            "memory": 2048,
            "metadata": null,
            "name": "kibana",
            "network_interface": [
              {
                "addresses": [],
                "bridge": "",
                "hostname": "",
                "mac": "52:54:00:82:09:91",
                "macvtap": "",
                "network_id": "82ba3f27-d93c-454a-b165-014ff587cadc",
                "network_name": "default",
                "passthrough": "",
                "vepa": "",
                "wait_for_lease": false
              }
            ],
            "nvram": [],
            "qemu_agent": false,
            "running": true,
            "timeouts": null,
            "tpm": [],
            "vcpu": 2,
            "video": [],
            "xml": []
          },
          "sensitive_attributes": [],
          "identity_schema_version": 0,
          "private": "eyJlMmJmYjczMC1lY2FhLTExZTYtOGY4OC0zNDM2M2JjN2M0YzAiOnsiY3JlYXRlIjozMDAwMDAwMDAwMDB9fQ==",
          "dependencies": [
            "data.template_file.user_data",
            "libvirt_cloudinit_disk.init",
            "libvirt_volume.disk",
            "libvirt_volume.ubuntu_image"
          ]
        }
      ]
    },
    {
      "mode": "managed",
      "type": "libvirt_volume",
      "name": "disk",
      "provider": "provider[\"registry.terraform.io/dmacvicar/libvirt\"]",
      "instances": [
        {
          "index_key": "es1",
          "schema_version": 0,
          "attributes": {
            "base_volume_id": "/var/lib/libvirt/images/ubuntu-22.04-server-cloudimg-amd64.img",
            "base_volume_name": null,
            "base_volume_pool": null,
            "format": "qcow2",
            "id": "/var/lib/libvirt/images/es1-disk.qcow2",
            "name": "es1-disk.qcow2",
            "pool": "default",
            "size": 21474836480,
            "source": null,
            "xml": []
          },
          "sensitive_attributes": [],
          "identity_schema_version": 0,
          "private": "bnVsbA==",
          "dependencies": [
            "libvirt_volume.ubuntu_image"
          ]
        },
        {
          "index_key": "es2",
          "schema_version": 0,
          "attributes": {
            "base_volume_id": "/var/lib/libvirt/images/ubuntu-22.04-server-cloudimg-amd64.img",
            "base_volume_name": null,
            "base_volume_pool": null,
            "format": "qcow2",
            "id": "/var/lib/libvirt/images/es2-disk.qcow2",
            "name": "es2-disk.qcow2",
            "pool": "default",
            "size": 21474836480,
            "source": null,
            "xml": []
          },
          "sensitive_attributes": [],
          "identity_schema_version": 0,
          "private": "bnVsbA==",
          "dependencies": [
            "libvirt_volume.ubuntu_image"
          ]
        },
        {
          "index_key": "es3",
          "schema_version": 0,
          "attributes": {
            "base_volume_id": "/var/lib/libvirt/images/ubuntu-22.04-server-cloudimg-amd64.img",
            "base_volume_name": null,
            "base_volume_pool": null,
            "format": "qcow2",
            "id": "/var/lib/libvirt/images/es3-disk.qcow2",
            "name": "es3-disk.qcow2",
            "pool": "default",
            "size": 21474836480,
            "source": null,
            "xml": []
          },
          "sensitive_attributes": [],
          "identity_schema_version": 0,
          "private": "bnVsbA==",
          "dependencies": [
            "libvirt_volume.ubuntu_image"
          ]
        },
        {
          "index_key": "kibana",
          "schema_version": 0,
          "attributes": {
            "base_volume_id": "/var/lib/libvirt/images/ubuntu-22.04-server-cloudimg-amd64.img",
            "base_volume_name": null,
            "base_volume_pool": null,
            "format": "qcow2",
            "id": "/var/lib/libvirt/images/kibana-disk.qcow2",
            "name": "kibana-disk.qcow2",
            "pool": "default",
            "size": 21474836480,
            "source": null,
            "xml": []
          },
          "sensitive_attributes": [],
          "identity_schema_version": 0,
          "private": "bnVsbA==",
          "dependencies": [
            "libvirt_volume.ubuntu_image"
          ]
        }
      ]
    },
    {
      "mode": "managed",
      "type": "libvirt_volume",
      "name": "ubuntu_image",
      "provider": "provider[\"registry.terraform.io/dmacvicar/libvirt\"]",
      "instances": [
        {
          "schema_version": 0,
          "attributes": {
            "base_volume_id": null,
            "base_volume_name": null,
            "base_volume_pool": null,
            "format": "qcow2",
            "id": "/var/lib/libvirt/images/ubuntu-22.04-server-cloudimg-amd64.img",
            "name": "ubuntu-22.04-server-cloudimg-amd64.img",
            "pool": "default",
            "size": 2361393152,
            "source": "https://cloud-images.ubuntu.com/releases/22.04/release/ubuntu-22.04-server-cloudimg-amd64.img",
            "xml": []
          },
          "sensitive_attributes": [],
          "identity_schema_version": 0,
          "private": "bnVsbA=="
        }
      ]
    }
  ],
  "check_results": null
}
